lockfile_version: '1'
generated_at: '2026-08-25T05:11:48.831097+00:00'
apm_version: 0.28.0
dependencies:
- repo_url: anthropics/skills
  name: frontend-design
  host: github.com
  resolved_commit: f17010c9bb483898c1d9c9f42dde2b3a98889434
  version: unknown
  virtual_path: skills/frontend-design
  is_virtual: true
  package_type: claude_skill
  deployed_files:
  - .agents/skills/frontend-design
  - .agents/skills/frontend-design/LICENSE.txt
  - .agents/skills/frontend-design/SKILL.md
  - .claude/skills/frontend-design
  - .claude/skills/frontend-design/LICENSE.txt
  - .claude/skills/frontend-design/SKILL.md
  deployed_file_hashes:
    .agents/skills/frontend-design/LICENSE.txt: sha256:0d542e0c8804e39aa7f37eb00da5a762149dc682d7829451287e11b938e94594
    .agents/skills/frontend-design/SKILL.md: sha256:1608ea77fbb6fc30d13a97d12cfa8ebf31358d40f0dd97beed24829d6b3f45dd
    .claude/skills/frontend-design/LICENSE.txt: sha256:0d542e0c8804e39aa7f37eb00da5a762149dc682d7829451287e11b938e94594
    .claude/skills/frontend-design/SKILL.md: sha256:1608ea77fbb6fc30d13a97d12cfa8ebf31358d40f0dd97beed24829d6b3f45dd
  content_hash: sha256:4eabc66183767153e404b39d1b839b1c37f2d82d86f0a0d7e880a579d8d62336
- repo_url: ast-grep/agent-skill
  name: ast-grep
  host: github.com
  resolved_commit: c2a9bc154f4ffe08b25d28d5e852dfac8c0d0d8a
  version: unknown
  virtual_path: ast-grep/skills/ast-grep
  is_virtual: true
  package_type: claude_skill
  deployed_files:
  - .agents/skills/ast-grep
  - .agents/skills/ast-grep/SKILL.md
  - .agents/skills/ast-grep/references/rule_reference.md
  - .claude/skills/ast-grep
  - .claude/skills/ast-grep/SKILL.md
  - .claude/skills/ast-grep/references/rule_reference.md
  deployed_file_hashes:
    .agents/skills/ast-grep/SKILL.md: sha256:1d356580b6d3af4feb5722e820b1c34041f6e90162c063f1c63fce3f21c72543
    .agents/skills/ast-grep/references/rule_reference.md: sha256:9f6d2ba2f2dbde059f61f426c262abe943f548984496962c43c7cc6e44813ad6
    .claude/skills/ast-grep/SKILL.md: sha256:1d356580b6d3af4feb5722e820b1c34041f6e90162c063f1c63fce3f21c72543
    .claude/skills/ast-grep/references/rule_reference.md: sha256:9f6d2ba2f2dbde059f61f426c262abe943f548984496962c43c7cc6e44813ad6
  content_hash: sha256:e812630c21ec2215bd0abfe33835ae382059112e990411b588b84bb24c4f0a4f
- repo_url: cursor/plugins
  name: thermos
  host: github.com
  resolved_commit: bdf7aa355337897f167153e05069aca505dae17c
  version: 1.0.0
  virtual_path: thermos
  is_virtual: true
  package_type: marketplace_plugin
  deployed_files:
  - .agents/skills/thermo-nuclear-code-quality-review
  - .agents/skills/thermo-nuclear-code-quality-review/SKILL.md
  - .agents/skills/thermo-nuclear-review
  - .agents/skills/thermo-nuclear-review/SKILL.md
  - .agents/skills/thermos
  - .agents/skills/thermos/SKILL.md
  - .claude/agents/thermo-nuclear-code-quality-review-subagent.md
  - .claude/agents/thermo-nuclear-review-subagent.md
  - .claude/skills/thermo-nuclear-code-quality-review
  - .claude/skills/thermo-nuclear-code-quality-review/SKILL.md
  - .claude/skills/thermo-nuclear-review
  - .claude/skills/thermo-nuclear-review/SKILL.md
  - .claude/skills/thermos
  - .claude/skills/thermos/SKILL.md
  deployed_file_hashes:
    .agents/skills/thermo-nuclear-code-quality-review/SKILL.md: sha256:7faca08b51b643b2ddd0836f92af15574444024685dcc1e677dbbb39ae8c9e8f
    .agents/skills/thermo-nuclear-review/SKILL.md: sha256:5091011c4490932d40658ae958fb55b9aaca8e2bba5196860295ab945180e434
    .agents/skills/thermos/SKILL.md: sha256:c272effc404b126d34464e8a1dacec30f6757638db39088ca5afc58dd2c1f472
    .claude/agents/thermo-nuclear-code-quality-review-subagent.md: sha256:636800f1e5acf501f339779a8867b95d633396930b3356a2b0c9a0018343f02d
    .claude/agents/thermo-nuclear-review-subagent.md: sha256:9dfa8ed88d1ea5d775edb5557b8a8ecfa9f2977b904c55c902b0ceb648b563d0
    .claude/skills/thermo-nuclear-code-quality-review/SKILL.md: sha256:7faca08b51b643b2ddd0836f92af15574444024685dcc1e677dbbb39ae8c9e8f
    .claude/skills/thermo-nuclear-review/SKILL.md: sha256:5091011c4490932d40658ae958fb55b9aaca8e2bba5196860295ab945180e434
    .claude/skills/thermos/SKILL.md: sha256:c272effc404b126d34464e8a1dacec30f6757638db39088ca5afc58dd2c1f472
  content_hash: sha256:71547a01d95289a4613d13e8c5cd7eed66ac83f3b2dcbc0b92894b69fa5fabf7
  declared_license: MIT
- repo_url: github/awesome-copilot
  name: create-agentsmd
  host: github.com
  resolved_commit: ab7544d03d4c49fdd07f5958e1888ad39c4118e2
  version: unknown
  virtual_path: skills/create-agentsmd
  is_virtual: true
  package_type: claude_skill
  deployed_files:
  - .agents/skills/create-agentsmd
  - .agents/skills/create-agentsmd/SKILL.md
  - .claude/skills/create-agentsmd
  - .claude/skills/create-agentsmd/SKILL.md
  deployed_file_hashes:
    .agents/skills/create-agentsmd/SKILL.md: sha256:97b71d3f7c5e30e9f1740fcd7a45d4bf107b7887947cfd3ab92ac99dee294855
    .claude/skills/create-agentsmd/SKILL.md: sha256:97b71d3f7c5e30e9f1740fcd7a45d4bf107b7887947cfd3ab92ac99dee294855
  content_hash: sha256:bfbdbb76b17cca970d1d624e36ce72b6847860d740581c8865da796c1fef8552
- repo_url: openai/codex
  name: babysit-pr
  host: github.com
  resolved_commit: 5104cb649e653d8ea828db547fd04cbd004d32fb
  version: unknown
  virtual_path: .codex/skills/babysit-pr
  is_virtual: true
  package_type: claude_skill
  deployed_files:
  - .agents/skills/babysit-pr
  - .agents/skills/babysit-pr/SKILL.md
  - .agents/skills/babysit-pr/agents/openai.yaml
  - .agents/skills/babysit-pr/references/github-api-notes.md
  - .agents/skills/babysit-pr/references/heuristics.md
  - .agents/skills/babysit-pr/scripts/gh_pr_watch.py
  - .agents/skills/babysit-pr/scripts/test_gh_pr_watch.py
  - .claude/skills/babysit-pr
  - .claude/skills/babysit-pr/SKILL.md
  - .claude/skills/babysit-pr/agents/openai.yaml
  - .claude/skills/babysit-pr/references/github-api-notes.md
  - .claude/skills/babysit-pr/references/heuristics.md
  - .claude/skills/babysit-pr/scripts/gh_pr_watch.py
  - .claude/skills/babysit-pr/scripts/test_gh_pr_watch.py
  deployed_file_hashes:
    .agents/skills/babysit-pr/SKILL.md: sha256:8e4b149a345eca77207cb061209eed500924695c9d5547c99f0a42215597de2e
    .agents/skills/babysit-pr/agents/openai.yaml: sha256:28565a936da54b49abaf71a1087491a0593b336e8219b80fd83764429d05d422
    .agents/skills/babysit-pr/references/github-api-notes.md: sha256:33e0202472fa2e01e41d11ddc6cdc625d67ebff2c3282a0ca14f23a0950d23d2
    .agents/skills/babysit-pr/references/heuristics.md: sha256:6da7e334fa16a3cd4d022e996e819c0285e5ffde37ff83a5c3b7a907c6848c07
    .agents/skills/babysit-pr/scripts/gh_pr_watch.py: sha256:9f9e992ec1f3e5a99546c79334ae2e0f810279edbd8b50fa894f2b275d644417
    .agents/skills/babysit-pr/scripts/test_gh_pr_watch.py: sha256:a6c719d03bda4dd1d2aead3ec49b83f443320776e721d72dfd57256c95d60ea4
    .claude/skills/babysit-pr/SKILL.md: sha256:8e4b149a345eca77207cb061209eed500924695c9d5547c99f0a42215597de2e
    .claude/skills/babysit-pr/agents/openai.yaml: sha256:28565a936da54b49abaf71a1087491a0593b336e8219b80fd83764429d05d422
    .claude/skills/babysit-pr/references/github-api-notes.md: sha256:33e0202472fa2e01e41d11ddc6cdc625d67ebff2c3282a0ca14f23a0950d23d2
    .claude/skills/babysit-pr/references/heuristics.md: sha256:6da7e334fa16a3cd4d022e996e819c0285e5ffde37ff83a5c3b7a907c6848c07
    .claude/skills/babysit-pr/scripts/gh_pr_watch.py: sha256:9f9e992ec1f3e5a99546c79334ae2e0f810279edbd8b50fa894f2b275d644417
    .claude/skills/babysit-pr/scripts/test_gh_pr_watch.py: sha256:a6c719d03bda4dd1d2aead3ec49b83f443320776e721d72dfd57256c95d60ea4
  content_hash: sha256:ff1e68a955d2d4e07dfd307d827f2124d2681822e4abc6b8a2adaaebc584861a
- repo_url: shadcn/improve
  name: improve
  host: github.com
  resolved_commit: 03369ee6d7cafbfcecc4346539b05b3dc0a603bb
  version: unknown
  virtual_path: skills/improve
  is_virtual: true
  package_type: claude_skill
  deployed_files:
  - .agents/skills/improve
  - .agents/skills/improve/SKILL.md
  - .agents/skills/improve/references/audit-playbook.md
  - .agents/skills/improve/references/closing-the-loop.md
  - .agents/skills/improve/references/plan-template.md
  - .claude/skills/improve
  - .claude/skills/improve/SKILL.md
  - .claude/skills/improve/references/audit-playbook.md
  - .claude/skills/improve/references/closing-the-loop.md
  - .claude/skills/improve/references/plan-template.md
  deployed_file_hashes:
    .agents/skills/improve/SKILL.md: sha256:1599aa29e9b16424cb767779efac53fa56e3f38be92dff4ac587393a1ad5070a
    .agents/skills/improve/references/audit-playbook.md: sha256:587c1b927070f3c28139ad95ac34cc21a7da32618cfeb966cb774e58a865d4c8
    .agents/skills/improve/references/closing-the-loop.md: sha256:5d526bb378e1783bbeb68d7af527776cbe98cde27a1aeccbd13e818e5b73b454
    .agents/skills/improve/references/plan-template.md: sha256:7be76dd3c29442288fa7cee4432fc6e95c2fdbf748c9b356344bf647c5f8722e
    .claude/skills/improve/SKILL.md: sha256:1599aa29e9b16424cb767779efac53fa56e3f38be92dff4ac587393a1ad5070a
    .claude/skills/improve/references/audit-playbook.md: sha256:587c1b927070f3c28139ad95ac34cc21a7da32618cfeb966cb774e58a865d4c8
    .claude/skills/improve/references/closing-the-loop.md: sha256:5d526bb378e1783bbeb68d7af527776cbe98cde27a1aeccbd13e818e5b73b454
    .claude/skills/improve/references/plan-template.md: sha256:7be76dd3c29442288fa7cee4432fc6e95c2fdbf748c9b356344bf647c5f8722e
  content_hash: sha256:b4768ee5c11cd620dee9b8c5c29bae56ae625e44f061807863088d70a3afa621
deployments:
- kind: project-relative
  target: agent-skills
  value: .agents/skills/ast-grep
  runtime: null
  scope: project
  owners:
  - ast-grep/agent-skill/ast-grep/skills/ast-grep
  active_owner: ast-grep/agent-skill/ast-grep/skills/ast-grep
  content_hash: null
- kind: project-relative
  target: agent-skills
  value: .agents/skills/ast-grep/SKILL.md
  runtime: null
  scope: project
  owners:
  - ast-grep/agent-skill/ast-grep/skills/ast-grep
  active_owner: ast-grep/agent-skill/ast-grep/skills/ast-grep
  content_hash: sha256:1d356580b6d3af4feb5722e820b1c34041f6e90162c063f1c63fce3f21c72543
- kind: project-relative
  target: agent-skills
  value: .agents/skills/ast-grep/references/rule_reference.md
  runtime: null
  scope: project
  owners:
  - ast-grep/agent-skill/ast-grep/skills/ast-grep
  active_owner: ast-grep/agent-skill/ast-grep/skills/ast-grep
  content_hash: sha256:9f6d2ba2f2dbde059f61f426c262abe943f548984496962c43c7cc6e44813ad6
- kind: project-relative
  target: agent-skills
  value: .agents/skills/babysit-pr
  runtime: null
  scope: project
  owners:
  - openai/codex/.codex/skills/babysit-pr
  active_owner: openai/codex/.codex/skills/babysit-pr
  content_hash: null
- kind: project-relative
  target: agent-skills
  value: .agents/skills/babysit-pr/SKILL.md
  runtime: null
  scope: project
  owners:
  - openai/codex/.codex/skills/babysit-pr
  active_owner: openai/codex/.codex/skills/babysit-pr
  content_hash: sha256:8e4b149a345eca77207cb061209eed500924695c9d5547c99f0a42215597de2e
- kind: project-relative
  target: agent-skills
  value: .agents/skills/babysit-pr/agents/openai.yaml
  runtime: null
  scope: project
  owners:
  - openai/codex/.codex/skills/babysit-pr
  active_owner: openai/codex/.codex/skills/babysit-pr
  content_hash: sha256:28565a936da54b49abaf71a1087491a0593b336e8219b80fd83764429d05d422
- kind: project-relative
  target: agent-skills
  value: .agents/skills/babysit-pr/references/github-api-notes.md
  runtime: null
  scope: project
  owners:
  - openai/codex/.codex/skills/babysit-pr
  active_owner: openai/codex/.codex/skills/babysit-pr
  content_hash: sha256:33e0202472fa2e01e41d11ddc6cdc625d67ebff2c3282a0ca14f23a0950d23d2
- kind: project-relative
  target: agent-skills
  value: .agents/skills/babysit-pr/references/heuristics.md
  runtime: null
  scope: project
  owners:
  - openai/codex/.codex/skills/babysit-pr
  active_owner: openai/codex/.codex/skills/babysit-pr
  content_hash: sha256:6da7e334fa16a3cd4d022e996e819c0285e5ffde37ff83a5c3b7a907c6848c07
- kind: project-relative
  target: agent-skills
  value: .agents/skills/babysit-pr/scripts/gh_pr_watch.py
  runtime: null
  scope: project
  owners:
  - openai/codex/.codex/skills/babysit-pr
  active_owner: openai/codex/.codex/skills/babysit-pr
  content_hash: sha256:9f9e992ec1f3e5a99546c79334ae2e0f810279edbd8b50fa894f2b275d644417
- kind: project-relative
  target: agent-skills
  value: .agents/skills/babysit-pr/scripts/test_gh_pr_watch.py
  runtime: null
  scope: project
  owners:
  - openai/codex/.codex/skills/babysit-pr
  active_owner: openai/codex/.codex/skills/babysit-pr
  content_hash: sha256:a6c719d03bda4dd1d2aead3ec49b83f443320776e721d72dfd57256c95d60ea4
- kind: project-relative
  target: agent-skills
  value: .agents/skills/create-agentsmd
  runtime: null
  scope: project
  owners:
  - github/awesome-copilot/skills/create-agentsmd
  active_owner: github/awesome-copilot/skills/create-agentsmd
  content_hash: null
- kind: project-relative
  target: agent-skills
  value: .agents/skills/create-agentsmd/SKILL.md
  runtime: null
  scope: project
  owners:
  - github/awesome-copilot/skills/create-agentsmd
  active_owner: github/awesome-copilot/skills/create-agentsmd
  content_hash: sha256:97b71d3f7c5e30e9f1740fcd7a45d4bf107b7887947cfd3ab92ac99dee294855
- kind: project-relative
  target: agent-skills
  value: .agents/skills/frontend-design
  runtime: null
  scope: project
  owners:
  - anthropics/skills/skills/frontend-design
  active_owner: anthropics/skills/skills/frontend-design
  content_hash: null
- kind: project-relative
  target: agent-skills
  value: .agents/skills/frontend-design/LICENSE.txt
  runtime: null
  scope: project
  owners:
  - anthropics/skills/skills/frontend-design
  active_owner: anthropics/skills/skills/frontend-design
  content_hash: sha256:0d542e0c8804e39aa7f37eb00da5a762149dc682d7829451287e11b938e94594
- kind: project-relative
  target: agent-skills
  value: .agents/skills/frontend-design/SKILL.md
  runtime: null
  scope: project
  owners:
  - anthropics/skills/skills/frontend-design
  active_owner: anthropics/skills/skills/frontend-design
  content_hash: sha256:1608ea77fbb6fc30d13a97d12cfa8ebf31358d40f0dd97beed24829d6b3f45dd
- kind: project-relative
  target: agent-skills
  value: .agents/skills/improve
  runtime: null
  scope: project
  owners:
  - shadcn/improve/skills/improve
  active_owner: shadcn/improve/skills/improve
  content_hash: null
- kind: project-relative
  target: agent-skills
  value: .agents/skills/improve/SKILL.md
  runtime: null
  scope: project
  owners:
  - shadcn/improve/skills/improve
  active_owner: shadcn/improve/skills/improve
  content_hash: sha256:1599aa29e9b16424cb767779efac53fa56e3f38be92dff4ac587393a1ad5070a
- kind: project-relative
  target: agent-skills
  value: .agents/skills/improve/references/audit-playbook.md
  runtime: null
  scope: project
  owners:
  - shadcn/improve/skills/improve
  active_owner: shadcn/improve/skills/improve
  content_hash: sha256:587c1b927070f3c28139ad95ac34cc21a7da32618cfeb966cb774e58a865d4c8
- kind: project-relative
  target: agent-skills
  value: .agents/skills/improve/references/closing-the-loop.md
  runtime: null
  scope: project
  owners:
  - shadcn/improve/skills/improve
  active_owner: shadcn/improve/skills/improve
  content_hash: sha256:5d526bb378e1783bbeb68d7af527776cbe98cde27a1aeccbd13e818e5b73b454
- kind: project-relative
  target: agent-skills
  value: .agents/skills/improve/references/plan-template.md
  runtime: null
  scope: project
  owners:
  - shadcn/improve/skills/improve
  active_owner: shadcn/improve/skills/improve
  content_hash: sha256:7be76dd3c29442288fa7cee4432fc6e95c2fdbf748c9b356344bf647c5f8722e
- kind: project-relative
  target: agent-skills
  value: .agents/skills/thermo-nuclear-code-quality-review
  runtime: null
  scope: project
  owners:
  - cursor/plugins/thermos
  active_owner: cursor/plugins/thermos
  content_hash: null
- kind: project-relative
  target: agent-skills
  value: .agents/skills/thermo-nuclear-code-quality-review/SKILL.md
  runtime: null
  scope: project
  owners:
  - cursor/plugins/thermos
  active_owner: cursor/plugins/thermos
  content_hash: sha256:7faca08b51b643b2ddd0836f92af15574444024685dcc1e677dbbb39ae8c9e8f
- kind: project-relative
  target: agent-skills
  value: .agents/skills/thermo-nuclear-review
  runtime: null
  scope: project
  owners:
  - cursor/plugins/thermos
  active_owner: cursor/plugins/thermos
  content_hash: null
- kind: project-relative
  target: agent-skills
  value: .agents/skills/thermo-nuclear-review/SKILL.md
  runtime: null
  scope: project
  owners:
  - cursor/plugins/thermos
  active_owner: cursor/plugins/thermos
  content_hash: sha256:5091011c4490932d40658ae958fb55b9aaca8e2bba5196860295ab945180e434
- kind: project-relative
  target: agent-skills
  value: .agents/skills/thermos
  runtime: null
  scope: project
  owners:
  - cursor/plugins/thermos
  active_owner: cursor/plugins/thermos
  content_hash: null
- kind: project-relative
  target: agent-skills
  value: .agents/skills/thermos/SKILL.md
  runtime: null
  scope: project
  owners:
  - cursor/plugins/thermos
  active_owner: cursor/plugins/thermos
  content_hash: sha256:c272effc404b126d34464e8a1dacec30f6757638db39088ca5afc58dd2c1f472
- kind: project-relative
  target: claude
  value: .claude/agents/thermo-nuclear-code-quality-review-subagent.md
  runtime: null
  scope: project
  owners:
  - cursor/plugins/thermos
  active_owner: cursor/plugins/thermos
  content_hash: sha256:636800f1e5acf501f339779a8867b95d633396930b3356a2b0c9a0018343f02d
- kind: project-relative
  target: claude
  value: .claude/agents/thermo-nuclear-review-subagent.md
  runtime: null
  scope: project
  owners:
  - cursor/plugins/thermos
  active_owner: cursor/plugins/thermos
  content_hash: sha256:9dfa8ed88d1ea5d775edb5557b8a8ecfa9f2977b904c55c902b0ceb648b563d0
- kind: project-relative
  target: claude
  value: .claude/skills/ast-grep
  runtime: null
  scope: project
  owners:
  - ast-grep/agent-skill/ast-grep/skills/ast-grep
  active_owner: ast-grep/agent-skill/ast-grep/skills/ast-grep
  content_hash: null
- kind: project-relative
  target: claude
  value: .claude/skills/ast-grep/SKILL.md
  runtime: null
  scope: project
  owners:
  - ast-grep/agent-skill/ast-grep/skills/ast-grep
  active_owner: ast-grep/agent-skill/ast-grep/skills/ast-grep
  content_hash: sha256:1d356580b6d3af4feb5722e820b1c34041f6e90162c063f1c63fce3f21c72543
- kind: project-relative
  target: claude
  value: .claude/skills/ast-grep/references/rule_reference.md
  runtime: null
  scope: project
  owners:
  - ast-grep/agent-skill/ast-grep/skills/ast-grep
  active_owner: ast-grep/agent-skill/ast-grep/skills/ast-grep
  content_hash: sha256:9f6d2ba2f2dbde059f61f426c262abe943f548984496962c43c7cc6e44813ad6
- kind: project-relative
  target: claude
  value: .claude/skills/babysit-pr
  runtime: null
  scope: project
  owners:
  - openai/codex/.codex/skills/babysit-pr
  active_owner: openai/codex/.codex/skills/babysit-pr
  content_hash: null
- kind: project-relative
  target: claude
  value: .claude/skills/babysit-pr/SKILL.md
  runtime: null
  scope: project
  owners:
  - openai/codex/.codex/skills/babysit-pr
  active_owner: openai/codex/.codex/skills/babysit-pr
  content_hash: sha256:8e4b149a345eca77207cb061209eed500924695c9d5547c99f0a42215597de2e
- kind: project-relative
  target: claude
  value: .claude/skills/babysit-pr/agents/openai.yaml
  runtime: null
  scope: project
  owners:
  - openai/codex/.codex/skills/babysit-pr
  active_owner: openai/codex/.codex/skills/babysit-pr
  content_hash: sha256:28565a936da54b49abaf71a1087491a0593b336e8219b80fd83764429d05d422
- kind: project-relative
  target: claude
  value: .claude/skills/babysit-pr/references/github-api-notes.md
  runtime: null
  scope: project
  owners:
  - openai/codex/.codex/skills/babysit-pr
  active_owner: openai/codex/.codex/skills/babysit-pr
  content_hash: sha256:33e0202472fa2e01e41d11ddc6cdc625d67ebff2c3282a0ca14f23a0950d23d2
- kind: project-relative
  target: claude
  value: .claude/skills/babysit-pr/references/heuristics.md
  runtime: null
  scope: project
  owners:
  - openai/codex/.codex/skills/babysit-pr
  active_owner: openai/codex/.codex/skills/babysit-pr
  content_hash: sha256:6da7e334fa16a3cd4d022e996e819c0285e5ffde37ff83a5c3b7a907c6848c07
- kind: project-relative
  target: claude
  value: .claude/skills/babysit-pr/scripts/gh_pr_watch.py
  runtime: null
  scope: project
  owners:
  - openai/codex/.codex/skills/babysit-pr
  active_owner: openai/codex/.codex/skills/babysit-pr
  content_hash: sha256:9f9e992ec1f3e5a99546c79334ae2e0f810279edbd8b50fa894f2b275d644417
- kind: project-relative
  target: claude
  value: .claude/skills/babysit-pr/scripts/test_gh_pr_watch.py
  runtime: null
  scope: project
  owners:
  - openai/codex/.codex/skills/babysit-pr
  active_owner: openai/codex/.codex/skills/babysit-pr
  content_hash: sha256:a6c719d03bda4dd1d2aead3ec49b83f443320776e721d72dfd57256c95d60ea4
- kind: project-relative
  target: claude
  value: .claude/skills/create-agentsmd
  runtime: null
  scope: project
  owners:
  - github/awesome-copilot/skills/create-agentsmd
  active_owner: github/awesome-copilot/skills/create-agentsmd
  content_hash: null
- kind: project-relative
  target: claude
  value: .claude/skills/create-agentsmd/SKILL.md
  runtime: null
  scope: project
  owners:
  - github/awesome-copilot/skills/create-agentsmd
  active_owner: github/awesome-copilot/skills/create-agentsmd
  content_hash: sha256:97b71d3f7c5e30e9f1740fcd7a45d4bf107b7887947cfd3ab92ac99dee294855
- kind: project-relative
  target: claude
  value: .claude/skills/frontend-design
  runtime: null
  scope: project
  owners:
  - anthropics/skills/skills/frontend-design
  active_owner: anthropics/skills/skills/frontend-design
  content_hash: null
- kind: project-relative
  target: claude
  value: .claude/skills/frontend-design/LICENSE.txt
  runtime: null
  scope: project
  owners:
  - anthropics/skills/skills/frontend-design
  active_owner: anthropics/skills/skills/frontend-design
  content_hash: sha256:0d542e0c8804e39aa7f37eb00da5a762149dc682d7829451287e11b938e94594
- kind: project-relative
  target: claude
  value: .claude/skills/frontend-design/SKILL.md
  runtime: null
  scope: project
  owners:
  - anthropics/skills/skills/frontend-design
  active_owner: anthropics/skills/skills/frontend-design
  content_hash: sha256:1608ea77fbb6fc30d13a97d12cfa8ebf31358d40f0dd97beed24829d6b3f45dd
- kind: project-relative
  target: claude
  value: .claude/skills/improve
  runtime: null
  scope: project
  owners:
  - shadcn/improve/skills/improve
  active_owner: shadcn/improve/skills/improve
  content_hash: null
- kind: project-relative
  target: claude
  value: .claude/skills/improve/SKILL.md
  runtime: null
  scope: project
  owners:
  - shadcn/improve/skills/improve
  active_owner: shadcn/improve/skills/improve
  content_hash: sha256:1599aa29e9b16424cb767779efac53fa56e3f38be92dff4ac587393a1ad5070a
- kind: project-relative
  target: claude
  value: .claude/skills/improve/references/audit-playbook.md
  runtime: null
  scope: project
  owners:
  - shadcn/improve/skills/improve
  active_owner: shadcn/improve/skills/improve
  content_hash: sha256:587c1b927070f3c28139ad95ac34cc21a7da32618cfeb966cb774e58a865d4c8
- kind: project-relative
  target: claude
  value: .claude/skills/improve/references/closing-the-loop.md
  runtime: null
  scope: project
  owners:
  - shadcn/improve/skills/improve
  active_owner: shadcn/improve/skills/improve
  content_hash: sha256:5d526bb378e1783bbeb68d7af527776cbe98cde27a1aeccbd13e818e5b73b454
- kind: project-relative
  target: claude
  value: .claude/skills/improve/references/plan-template.md
  runtime: null
  scope: project
  owners:
  - shadcn/improve/skills/improve
  active_owner: shadcn/improve/skills/improve
  content_hash: sha256:7be76dd3c29442288fa7cee4432fc6e95c2fdbf748c9b356344bf647c5f8722e
- kind: project-relative
  target: claude
  value: .claude/skills/thermo-nuclear-code-quality-review
  runtime: null
  scope: project
  owners:
  - cursor/plugins/thermos
  active_owner: cursor/plugins/thermos
  content_hash: null
- kind: project-relative
  target: claude
  value: .claude/skills/thermo-nuclear-code-quality-review/SKILL.md
  runtime: null
  scope: project
  owners:
  - cursor/plugins/thermos
  active_owner: cursor/plugins/thermos
  content_hash: sha256:7faca08b51b643b2ddd0836f92af15574444024685dcc1e677dbbb39ae8c9e8f
- kind: project-relative
  target: claude
  value: .claude/skills/thermo-nuclear-review
  runtime: null
  scope: project
  owners:
  - cursor/plugins/thermos
  active_owner: cursor/plugins/thermos
  content_hash: null
- kind: project-relative
  target: claude
  value: .claude/skills/thermo-nuclear-review/SKILL.md
  runtime: null
  scope: project
  owners:
  - cursor/plugins/thermos
  active_owner: cursor/plugins/thermos
  content_hash: sha256:5091011c4490932d40658ae958fb55b9aaca8e2bba5196860295ab945180e434
- kind: project-relative
  target: claude
  value: .claude/skills/thermos
  runtime: null
  scope: project
  owners:
  - cursor/plugins/thermos
  active_owner: cursor/plugins/thermos
  content_hash: null
- kind: project-relative
  target: claude
  value: .claude/skills/thermos/SKILL.md
  runtime: null
  scope: project
  owners:
  - cursor/plugins/thermos
  active_owner: cursor/plugins/thermos
  content_hash: sha256:c272effc404b126d34464e8a1dacec30f6757638db39088ca5afc58dd2c1f472
